<Project xmlns="http://schemas.microsoft.com/developer/msbuild/2003">
    <PropertyGroup>
        <ProjectGuid>{5E0A7C21-9D34-4B6F-8A12-3C7D9E4F1B26}</ProjectGuid>
        <MainSource>DelphiRefactoringLightTests.dpr</MainSource>
        <Base>True</Base>
        <Config Condition="'$(Config)'==''">Debug</Config>
        <ProjectName Condition="'$(ProjectName)'==''">DelphiRefactoringLightTests</ProjectName>
        <TargetedPlatforms>3</TargetedPlatforms>
        <AppType>Console</AppType>
        <FrameworkType>None</FrameworkType>
        <ProjectVersion>20.4</ProjectVersion>
        <Platform Condition="'$(Platform)'==''">Win32</Platform>
    </PropertyGroup>
    <PropertyGroup Condition="'$(Config)'=='Base' or '$(Base)'!=''">
        <Base>true</Base>
    </PropertyGroup>
    <PropertyGroup Condition="('$(Platform)'=='Win32' and '$(Base)'=='true') or '$(Base_Win32)'!=''">
        <Base_Win32>true</Base_Win32>
        <CfgParent>Base</CfgParent>
        <Base>true</Base>
    </PropertyGroup>
    <PropertyGroup Condition="('$(Platform)'=='Win64' and '$(Base)'=='true') or '$(Base_Win64)'!=''">
        <Base_Win64>true</Base_Win64>
        <CfgParent>Base</CfgParent>
        <Base>true</Base>
    </PropertyGroup>
    <PropertyGroup Condition="'$(Config)'=='Release' or '$(Cfg_1)'!=''">
        <Cfg_1>true</Cfg_1>
        <CfgParent>Base</CfgParent>
        <Base>true</Base>
    </PropertyGroup>
    <PropertyGroup Condition="'$(Config)'=='Debug' or '$(Cfg_2)'!=''">
        <Cfg_2>true</Cfg_2>
        <CfgParent>Base</CfgParent>
        <Base>true</Base>
    </PropertyGroup>
    <PropertyGroup Condition="'$(Base)'!=''">
        <DCC_DcuOutput>.\$(Platform)\$(Config)</DCC_DcuOutput>
        <DCC_ExeOutput>.\$(Platform)\$(Config)</DCC_ExeOutput>
        <DCC_UnitSearchPath>..\Source;$(BDS)\source\DunitX;$(DCC_UnitSearchPath)</DCC_UnitSearchPath>
        <DCC_Define>STANDALONE_BUILD;$(DCC_Define)</DCC_Define>
        <DCC_E>false</DCC_E>
        <DCC_F>false</DCC_F>
        <DCC_K>false</DCC_K>
        <DCC_N>false</DCC_N>
        <DCC_S>false</DCC_S>
        <DCC_Namespace>System;Xml;Data;Datasnap;Web;Soap;Vcl;Vcl.Imaging;$(DCC_Namespace)</DCC_Namespace>
        <SanitizedProjectName>DelphiRefactoringLightTests</SanitizedProjectName>
        <AppDPIAwarenessMode>none</AppDPIAwarenessMode>
    </PropertyGroup>
    <PropertyGroup Condition="'$(Base_Win32)'!=''">
        <DCC_Namespace>Winapi;System.Win;Data.Win;Datasnap.Win;Web.Win;Soap.Win;Xml.Win;$(DCC_Namespace)</DCC_Namespace>
    </PropertyGroup>
    <PropertyGroup Condition="'$(Base_Win64)'!=''">
        <DCC_Namespace>Winapi;System.Win;Data.Win;Datasnap.Win;Web.Win;Soap.Win;Xml.Win;$(DCC_Namespace)</DCC_Namespace>
    </PropertyGroup>
    <PropertyGroup Condition="'$(Cfg_1)'!=''">
        <DCC_Define>RELEASE;$(DCC_Define)</DCC_Define>
        <DCC_DebugInformation>0</DCC_DebugInformation>
        <DCC_LocalDebugSymbols>false</DCC_LocalDebugSymbols>
        <DCC_SymbolReferenceInfo>0</DCC_SymbolReferenceInfo>
    </PropertyGroup>
    <PropertyGroup Condition="'$(Cfg_2)'!=''">
        <DCC_Define>DEBUG;$(DCC_Define)</DCC_Define>
        <DCC_DebugInfoInExe>true</DCC_DebugInfoInExe>
        <DCC_Optimize>false</DCC_Optimize>
        <DCC_GenerateStackFrames>true</DCC_GenerateStackFrames>
    </PropertyGroup>
    <ItemGroup>
        <DelphiCompile Include="$(MainSource)">
            <MainSource>MainSource</MainSource>
        </DelphiCompile>
        <DCCReference Include="..\Source\Delphi.FileEncoding.pas"/>
        <DCCReference Include="..\Source\Lsp.Uri.pas"/>
        <DCCReference Include="..\Source\Expert.WithScanner.pas"/>
        <DCCReference Include="..\Source\Expert.WithRewriter.pas"/>
        <DCCReference Include="..\Source\Expert.UnitIndex.pas"/>
        <DCCReference Include="..\Source\Expert.UsesEditor.pas"/>
        <DCCReference Include="..\Source\Expert.AutoImport.pas"/>
        <DCCReference Include="..\Source\Expert.VcsBlame.pas"/>
        <DCCReference Include="..\Source\Expert.WorkerLatch.pas"/>
        <DCCReference Include="..\Source\Rename.WorkspaceEdit.pas"/>
        <DCCReference Include="Test.WithScanner.pas"/>
        <DCCReference Include="Test.WithRewriter.pas"/>
        <DCCReference Include="Test.UnitIndexGenerics.pas"/>
        <DCCReference Include="Test.UsesEditorMinimalWrite.pas"/>
        <DCCReference Include="Test.AutoImportGenericResolve.pas"/>
        <DCCReference Include="Test.InheritedDefectFixes.pas"/>
        <DCCReference Include="..\Source\Expert.SignatureCheck.pas"/>
        <DCCReference Include="..\Source\Expert.StatementRefactor.pas"/>
        <DCCReference Include="..\Source\Expert.SafeDeletePlan.pas"/>
        <DCCReference Include="..\Source\Expert.PascalScanner.pas"/>
        <DCCReference Include="..\Source\Expert.IncludeExpansion.pas"/>
        <DCCReference Include="..\Source\Expert.InterfaceLinks.pas"/>
        <DCCReference Include="..\Source\Expert.PropertyConvert.pas"/>
        <DCCReference Include="Test.UserIdeas13.pas"/>
        <DCCReference Include="Test.RepoHygiene.pas"/>
        <DCCReference Include="Test.RegressionSuite.pas"/>
        <DCCReference Include="Test.Issue11.pas"/>
        <BuildConfiguration Include="Release">
            <Key>Cfg_1</Key>
            <CfgParent>Base</CfgParent>
        </BuildConfiguration>
        <BuildConfiguration Include="Base">
            <Key>Base</Key>
        </BuildConfiguration>
        <BuildConfiguration Include="Debug">
            <Key>Cfg_2</Key>
            <CfgParent>Base</CfgParent>
        </BuildConfiguration>
    </ItemGroup>
    <ProjectExtensions>
        <Borland.Personality>Delphi.Personality.12</Borland.Personality>
        <Borland.ProjectType>Application</Borland.ProjectType>
        <BorlandProject>
            <Delphi.Personality>
                <Source>
                    <Source Name="MainSource">DelphiRefactoringLightTests.dpr</Source>
                </Source>
            </Delphi.Personality>
            <Platforms>
                <Platform value="Win32">True</Platform>
                <Platform value="Win64">True</Platform>
            </Platforms>
        </BorlandProject>
    </ProjectExtensions>
    <Import Project="$(BDS)\Bin\CodeGear.Delphi.Targets" Condition="Exists('$(BDS)\Bin\CodeGear.Delphi.Targets')"/>
    <Import Project="$(APPDATA)\Embarcadero\$(BDSAPPDATABASEDIR)\$(PRODUCTVERSION)\UserTools.proj" Condition="Exists('$(APPDATA)\Embarcadero\$(BDSAPPDATABASEDIR)\$(PRODUCTVERSION)\UserTools.proj')"/>
</Project>
